
Microsoft Visual Studio Solution File, Format Version 12.00
# Visual Studio Version 17
VisualStudioVersion = 17.7.34018.315
MinimumVisualStudioVersion = 10.0.40219.1
Project("{54A90642-561A-4BB1-A94E-469ADEE60C69}") = "standalonereactproject1", "StandAlonereactproject1\standalonereactproject1.esproj", "{DC077282-A30A-4CF2-A682-0B584A902642}"
EndProject
Global
	GlobalSection(SolutionConfigurationPlatforms) = preSolution
		Debug|Any CPU = Debug|Any CPU
		Release|Any CPU = Release|Any CPU
	EndGlobalSection
	GlobalSection(ProjectConfigurationPlatforms) = postSolution
		{DC077282-A30A-4CF2-A682-0B584A902642}.Debug|Any CPU.ActiveCfg = Debug|Any CPU
		{DC077282-A30A-4CF2-A682-0B584A902642}.Debug|Any CPU.Build.0 = Debug|Any CPU
		{DC077282-A30A-4CF2-A682-0B584A902642}.Debug|Any CPU.Deploy.0 = Debug|Any CPU
		{DC077282-A30A-4CF2-A682-0B584A902642}.Release|Any CPU.ActiveCfg = Release|Any CPU
		{DC077282-A30A-4CF2-A682-0B584A902642}.Release|Any CPU.Build.0 = Release|Any CPU
		{DC077282-A30A-4CF2-A682-0B584A902642}.Release|Any CPU.Deploy.0 = Release|Any CPU
	EndGlobalSection
	GlobalSection(SolutionProperties) = preSolution
		HideSolutionNode = FALSE
	EndGlobalSection
	GlobalSection(ExtensibilityGlobals) = postSolution
		SolutionGuid = {2A781DE7-6E72-45DF-B818-E47AA71D4DF3}
	EndGlobalSection
EndGlobal
